
Microsoft Visual Studio Solution File, Format Version 12.00
# Visual Studio 15
VisualStudioVersion = 15.0.26124.0
MinimumVisualStudioVersion = 15.0.26124.0
Project("{2150E333-8FDC-42A3-9474-1A3956D46DE8}") = "src", "src", "{A446F133-C157-46F0-8C09-4E72B03576AC}"
EndProject
Project("{FAE04EC0-301F-11D3-BF4B-00C04F79EFBC}") = "TriviaClient", "src\TriviaClient\TriviaClient.csproj", "{B6B63967-69E2-4DD0-8ED9-42C52FF13263}"
EndProject
Project("{FAE04EC0-301F-11D3-BF4B-00C04F79EFBC}") = "TriviaServer", "src\TriviaServer\TriviaServer.csproj", "{F9EA6DF4-81E8-49C3-85EF-DD9CF54EDF0D}"
EndProject
Global
	GlobalSection(SolutionConfigurationPlatforms) = preSolution
		Debug|Any CPU = Debug|Any CPU
		Debug|x64 = Debug|x64
		Debug|x86 = Debug|x86
		Release|Any CPU = Release|Any CPU
		Release|x64 = Release|x64
		Release|x86 = Release|x86
	EndGlobalSection
	GlobalSection(SolutionProperties) = preSolution
		HideSolutionNode = FALSE
	EndGlobalSection
	GlobalSection(ProjectConfigurationPlatforms) = postSolution
		{B6B63967-69E2-4DD0-8ED9-42C52FF13263}.Debug|Any CPU.ActiveCfg = Debug|Any CPU
		{B6B63967-69E2-4DD0-8ED9-42C52FF13263}.Debug|Any CPU.Build.0 = Debug|Any CPU
		{B6B63967-69E2-4DD0-8ED9-42C52FF13263}.Debug|x64.ActiveCfg = Debug|Any CPU
		{B6B63967-69E2-4DD0-8ED9-42C52FF13263}.Debug|x64.Build.0 = Debug|Any CPU
		{B6B63967-69E2-4DD0-8ED9-42C52FF13263}.Debug|x86.ActiveCfg = Debug|Any CPU
		{B6B63967-69E2-4DD0-8ED9-42C52FF13263}.Debug|x86.Build.0 = Debug|Any CPU
		{B6B63967-69E2-4DD0-8ED9-42C52FF13263}.Release|Any CPU.ActiveCfg = Release|Any CPU
		{B6B63967-69E2-4DD0-8ED9-42C52FF13263}.Release|Any CPU.Build.0 = Release|Any CPU
		{B6B63967-69E2-4DD0-8ED9-42C52FF13263}.Release|x64.ActiveCfg = Release|Any CPU
		{B6B63967-69E2-4DD0-8ED9-42C52FF13263}.Release|x64.Build.0 = Release|Any CPU
		{B6B63967-69E2-4DD0-8ED9-42C52FF13263}.Release|x86.ActiveCfg = Release|Any CPU
		{B6B63967-69E2-4DD0-8ED9-42C52FF13263}.Release|x86.Build.0 = Release|Any CPU
		{F9EA6DF4-81E8-49C3-85EF-DD9CF54EDF0D}.Debug|Any CPU.ActiveCfg = Debug|Any CPU
		{F9EA6DF4-81E8-49C3-85EF-DD9CF54EDF0D}.Debug|Any CPU.Build.0 = Debug|Any CPU
		{F9EA6DF4-81E8-49C3-85EF-DD9CF54EDF0D}.Debug|x64.ActiveCfg = Debug|Any CPU
		{F9EA6DF4-81E8-49C3-85EF-DD9CF54EDF0D}.Debug|x64.Build.0 = Debug|Any CPU
		{F9EA6DF4-81E8-49C3-85EF-DD9CF54EDF0D}.Debug|x86.ActiveCfg = Debug|Any CPU
		{F9EA6DF4-81E8-49C3-85EF-DD9CF54EDF0D}.Debug|x86.Build.0 = Debug|Any CPU
		{F9EA6DF4-81E8-49C3-85EF-DD9CF54EDF0D}.Release|Any CPU.ActiveCfg = Release|Any CPU
		{F9EA6DF4-81E8-49C3-85EF-DD9CF54EDF0D}.Release|Any CPU.Build.0 = Release|Any CPU
		{F9EA6DF4-81E8-49C3-85EF-DD9CF54EDF0D}.Release|x64.ActiveCfg = Release|Any CPU
		{F9EA6DF4-81E8-49C3-85EF-DD9CF54EDF0D}.Release|x64.Build.0 = Release|Any CPU
		{F9EA6DF4-81E8-49C3-85EF-DD9CF54EDF0D}.Release|x86.ActiveCfg = Release|Any CPU
		{F9EA6DF4-81E8-49C3-85EF-DD9CF54EDF0D}.Release|x86.Build.0 = Release|Any CPU
	EndGlobalSection
	GlobalSection(NestedProjects) = preSolution
		{B6B63967-69E2-4DD0-8ED9-42C52FF13263} = {A446F133-C157-46F0-8C09-4E72B03576AC}
		{F9EA6DF4-81E8-49C3-85EF-DD9CF54EDF0D} = {A446F133-C157-46F0-8C09-4E72B03576AC}
	EndGlobalSection
EndGlobal
